// !$*UTF8*$!
{
	archiveVersion = 1;
	classes = {
	};
	objectVersion = 46;
	objects = {

/* Begin PBXBuildFile section */
		2ABCE5701AA73BD0007403CD /* TabButton.m in Sources */ = {isa = PBXBuildFile; fileRef = 2ABCE56F1AA73BD0007403CD /* TabButton.m */; };
		CCCA2D9E1AA51ABF007FE571 /* main.m in Sources */ = {isa = PBXBuildFile; fileRef = CCCA2D9D1AA51ABF007FE571 /* main.m */; };
		CCCA2DA11AA51ABF007FE571 /* AppDelegate.m in Sources */ = {isa = PBXBuildFile; fileRef = CCCA2DA01AA51ABF007FE571 /* AppDelegate.m */; };
		CCCA2DA41AA51ABF007FE571 /* ViewController.m in Sources */ = {isa = PBXBuildFile; fileRef = CCCA2DA31AA51ABF007FE571 /* ViewController.m */; };
		CCCA2DA71AA51ABF007FE571 /* Main.storyboard in Resources */ = {isa = PBXBuildFile; fileRef = CCCA2DA51AA51ABF007FE571 /* Main.storyboard */; };
		CCCA2DA91AA51ABF007FE571 /* Images.xcassets in Resources */ = {isa = PBXBuildFile; fileRef = CCCA2DA81AA51ABF007FE571 /* Images.xcassets */; };
		CCCA2DAC1AA51ABF007FE571 /* LaunchScreen.xib in Resources */ = {isa = PBXBuildFile; fileRef = CCCA2DAA1AA51ABF007FE571 /* LaunchScreen.xib */; };
		CCCA2DB81AA51ABF007FE571 /* CareTests.m in Sources */ = {isa = PBXBuildFile; fileRef = CCCA2DB71AA51ABF007FE571 /* CareTests.m */; };
		CCCA2DC31AA51B4B007FE571 /* LoginViewController.m in Sources */ = {isa = PBXBuildFile; fileRef = CCCA2DC21AA51B4B007FE571 /* LoginViewController.m */; };
		CCCA2DC91AA52834007FE571 /* RegisterViewController.m in Sources */ = {isa = PBXBuildFile; fileRef = CCCA2DC81AA52834007FE571 /* RegisterViewController.m */; };
		CCCA2DCC1AA5287C007FE571 /* RegisterSeViewController.m in Sources */ = {isa = PBXBuildFile; fileRef = CCCA2DCB1AA5287C007FE571 /* RegisterSeViewController.m */; };
		CCCA2DCF1AA530AB007FE571 /* TabBarViewController.m in Sources */ = {isa = PBXBuildFile; fileRef = CCCA2DCE1AA530AB007FE571 /* TabBarViewController.m */; };
		CCCA2DD21AA530E6007FE571 /* TabView.m in Sources */ = {isa = PBXBuildFile; fileRef = CCCA2DD11AA530E6007FE571 /* TabView.m */; };
		CCCA2DD51AA5324E007FE571 /* HomeViewController.m in Sources */ = {isa = PBXBuildFile; fileRef = CCCA2DD41AA5324E007FE571 /* HomeViewController.m */; };
		CCCA2DF81AA53378007FE571 /* MKAnnotationView+WebCache.m in Sources */ = {isa = PBXBuildFile; fileRef = CCCA2DD81AA53378007FE571 /* MKAnnotationView+WebCache.m */; };
		CCCA2DF91AA53378007FE571 /* NSData+ImageContentType.m in Sources */ = {isa = PBXBuildFile; fileRef = CCCA2DDA1AA53378007FE571 /* NSData+ImageContentType.m */; };
		CCCA2DFA1AA53378007FE571 /* SDImageCache.m in Sources */ = {isa = PBXBuildFile; fileRef = CCCA2DDC1AA53378007FE571 /* SDImageCache.m */; };
		CCCA2DFB1AA53378007FE571 /* SDWebImageCompat.m in Sources */ = {isa = PBXBuildFile; fileRef = CCCA2DDE1AA53378007FE571 /* SDWebImageCompat.m */; };
		CCCA2DFC1AA53378007FE571 /* SDWebImageDecoder.m in Sources */ = {isa = PBXBuildFile; fileRef = CCCA2DE01AA53378007FE571 /* SDWebImageDecoder.m */; };
		CCCA2DFD1AA53378007FE571 /* SDWebImageDownloader.m in Sources */ = {isa = PBXBuildFile; fileRef = CCCA2DE21AA53378007FE571 /* SDWebImageDownloader.m */; };
		CCCA2DFE1AA53378007FE571 /* SDWebImageDownloaderOperation.m in Sources */ = {isa = PBXBuildFile; fileRef = CCCA2DE41AA53378007FE571 /* SDWebImageDownloaderOperation.m */; };
		CCCA2DFF1AA53378007FE571 /* SDWebImageManager.m in Sources */ = {isa = PBXBuildFile; fileRef = CCCA2DE61AA53378007FE571 /* SDWebImageManager.m */; };
		CCCA2E001AA53378007FE571 /* SDWebImagePrefetcher.m in Sources */ = {isa = PBXBuildFile; fileRef = CCCA2DE91AA53378007FE571 /* SDWebImagePrefetcher.m */; };
		CCCA2E011AA53378007FE571 /* UIButton+WebCache.m in Sources */ = {isa = PBXBuildFile; fileRef = CCCA2DEB1AA53378007FE571 /* UIButton+WebCache.m */; };
		CCCA2E021AA53378007FE571 /* UIImage+GIF.m in Sources */ = {isa = PBXBuildFile; fileRef = CCCA2DED1AA53378007FE571 /* UIImage+GIF.m */; };
		CCCA2E031AA53378007FE571 /* UIImage+MultiFormat.m in Sources */ = {isa = PBXBuildFile; fileRef = CCCA2DEF1AA53378007FE571 /* UIImage+MultiFormat.m */; };
		CCCA2E041AA53378007FE571 /* UIImage+WebP.m in Sources */ = {isa = PBXBuildFile; fileRef = CCCA2DF11AA53378007FE571 /* UIImage+WebP.m */; };
		CCCA2E051AA53378007FE571 /* UIImageView+HighlightedWebCache.m in Sources */ = {isa = PBXBuildFile; fileRef = CCCA2DF31AA53378007FE571 /* UIImageView+HighlightedWebCache.m */; };
		CCCA2E061AA53378007FE571 /* UIImageView+WebCache.m in Sources */ = {isa = PBXBuildFile; fileRef = CCCA2DF51AA53378007FE571 /* UIImageView+WebCache.m */; };
		CCCA2E071AA53378007FE571 /* UIView+WebCacheOperation.m in Sources */ = {isa = PBXBuildFile; fileRef = CCCA2DF71AA53378007FE571 /* UIView+WebCacheOperation.m */; };
		CCCA2E191AA5339E007FE571 /* MJRefresh.bundle in Resources */ = {isa = PBXBuildFile; fileRef = CCCA2E091AA5339E007FE571 /* MJRefresh.bundle */; };
		CCCA2E1A1AA5339E007FE571 /* MJRefreshBaseView.m in Sources */ = {isa = PBXBuildFile; fileRef = CCCA2E0C1AA5339E007FE571 /* MJRefreshBaseView.m */; };
		CCCA2E1B1AA5339E007FE571 /* MJRefreshConst.m in Sources */ = {isa = PBXBuildFile; fileRef = CCCA2E0E1AA5339E007FE571 /* MJRefreshConst.m */; };
		CCCA2E1C1AA5339E007FE571 /* MJRefreshFooterView.m in Sources */ = {isa = PBXBuildFile; fileRef = CCCA2E101AA5339E007FE571 /* MJRefreshFooterView.m */; };
		CCCA2E1D1AA5339E007FE571 /* MJRefreshHeaderView.m in Sources */ = {isa = PBXBuildFile; fileRef = CCCA2E121AA5339E007FE571 /* MJRefreshHeaderView.m */; };
		CCCA2E1E1AA5339E007FE571 /* UIScrollView+MJRefresh.m in Sources */ = {isa = PBXBuildFile; fileRef = CCCA2E141AA5339E007FE571 /* UIScrollView+MJRefresh.m */; };
		CCCA2E1F1AA5339E007FE571 /* UIView+Extension.m in Sources */ = {isa = PBXBuildFile; fileRef = CCCA2E161AA5339E007FE571 /* UIView+Extension.m */; };
		CCCA2E201AA5339E007FE571 /* UIScrollView+Extension.m in Sources */ = {isa = PBXBuildFile; fileRef = CCCA2E181AA5339E007FE571 /* UIScrollView+Extension.m */; };
		CCCA2E231AA533CC007FE571 /* CTableViewCell.m in Sources */ = {isa = PBXBuildFile; fileRef = CCCA2E221AA533CC007FE571 /* CTableViewCell.m */; };
		CCCA2E251AA534EE007FE571 /* Foundation.framework in Frameworks */ = {isa = PBXBuildFile; fileRef = CCCA2E241AA534EE007FE571 /* Foundation.framework */; };
		CCCA2E271AA534FE007FE571 /* UIKit.framework in Frameworks */ = {isa = PBXBuildFile; fileRef = CCCA2E261AA534FE007FE571 /* UIKit.framework */; };
		CCCA2E2A1AA53580007FE571 /* AVFoundation.framework in Frameworks */ = {isa = PBXBuildFile; fileRef = CCCA2E291AA53580007FE571 /* AVFoundation.framework */; };
		CCCA2E2D1AA53961007FE571 /* NavLoginViewController.m in Sources */ = {isa = PBXBuildFile; fileRef = CCCA2E2C1AA53961007FE571 /* NavLoginViewController.m */; };
		CCCA2E311AA53A04007FE571 /* tabbar_background.png in Resources */ = {isa = PBXBuildFile; fileRef = CCCA2E301AA53A04007FE571 /* tabbar_background.png */; };
		CCCA2E341AA53ACB007FE571 /* MessageViewController.m in Sources */ = {isa = PBXBuildFile; fileRef = CCCA2E331AA53ACB007FE571 /* MessageViewController.m */; };
		CCCA2E371AA53AD7007FE571 /* GroupViewController.m in Sources */ = {isa = PBXBuildFile; fileRef = CCCA2E361AA53AD7007FE571 /* GroupViewController.m */; };
		CCCA2E3A1AA53AE0007FE571 /* MapViewController.m in Sources */ = {isa = PBXBuildFile; fileRef = CCCA2E391AA53AE0007FE571 /* MapViewController.m */; };
		CCCA2E3D1AA53AED007FE571 /* SelfViewController.m in Sources */ = {isa = PBXBuildFile; fileRef = CCCA2E3C1AA53AED007FE571 /* SelfViewController.m */; };
/* End PBXBuildFile section */

/* Begin PBXContainerItemProxy section */
		CCCA2DB21AA51ABF007FE571 /* PBXContainerItemProxy */ = {
			isa = PBXContainerItemProxy;
			containerPortal = CCCA2D901AA51ABF007FE571 /* Project object */;
			proxyType = 1;
			remoteGlobalIDString = CCCA2D971AA51ABF007FE571;
			remoteInfo = Care;
		};
/* End PBXContainerItemProxy section */

/* Begin PBXFileReference section */
		2ABCE56E1AA73BD0007403CD /* TabButton.h */ = {isa = PBXFileReference; fileEncoding = 4; lastKnownFileType = sourcecode.c.h; path = TabButton.h; sourceTree = "<group>"; };
		2ABCE56F1AA73BD0007403CD /* TabButton.m */ = {isa = PBXFileReference; fileEncoding = 4; lastKnownFileType = sourcecode.c.objc; path = TabButton.m; sourceTree = "<group>"; };
		CCCA2D981AA51ABF007FE571 /* Care.app */ = {isa = PBXFileReference; explicitFileType = wrapper.application; includeInIndex = 0; path = Care.app; sourceTree = BUILT_PRODUCTS_DIR; };
		CCCA2D9C1AA51ABF007FE571 /* Info.plist */ = {isa = PBXFileReference; lastKnownFileType = text.plist.xml; path = Info.plist; sourceTree = "<group>"; };
		CCCA2D9D1AA51ABF007FE571 /* main.m */ = {isa = PBXFileReference; lastKnownFileType = sourcecode.c.objc; path = main.m; sourceTree = "<group>"; };
		CCCA2D9F1AA51ABF007FE571 /* AppDelegate.h */ = {isa = PBXFileReference; lastKnownFileType = sourcecode.c.h; path = AppDelegate.h; sourceTree = "<group>"; };
		CCCA2DA01AA51ABF007FE571 /* AppDelegate.m */ = {isa = PBXFileReference; lastKnownFileType = sourcecode.c.objc; path = AppDelegate.m; sourceTree = "<group>"; };
		CCCA2DA21AA51ABF007FE571 /* ViewController.h */ = {isa = PBXFileReference; lastKnownFileType = sourcecode.c.h; path = ViewController.h; sourceTree = "<group>"; };
		CCCA2DA31AA51ABF007FE571 /* ViewController.m */ = {isa = PBXFileReference; lastKnownFileType = sourcecode.c.objc; path = ViewController.m; sourceTree = "<group>"; };
		CCCA2DA61AA51ABF007FE571 /* Base */ = {isa = PBXFileReference; lastKnownFileType = file.storyboard; name = Base; path = Base.lproj/Main.storyboard; sourceTree = "<group>"; };
		CCCA2DA81AA51ABF007FE571 /* Images.xcassets */ = {isa = PBXFileReference; lastKnownFileType = folder.assetcatalog; path = Images.xcassets; sourceTree = "<group>"; };
		CCCA2DAB1AA51ABF007FE571 /* Base */ = {isa = PBXFileReference; lastKnownFileType = file.xib; name = Base; path = Base.lproj/LaunchScreen.xib; sourceTree = "<group>"; };
		CCCA2DB11AA51ABF007FE571 /* CareTests.xctest */ = {isa = PBXFileReference; explicitFileType = wrapper.cfbundle; includeInIndex = 0; path = CareTests.xctest; sourceTree = BUILT_PRODUCTS_DIR; };
		CCCA2DB61AA51ABF007FE571 /* Info.plist */ = {isa = PBXFileReference; lastKnownFileType = text.plist.xml; path = Info.plist; sourceTree = "<group>"; };
		CCCA2DB71AA51ABF007FE571 /* CareTests.m */ = {isa = PBXFileReference; lastKnownFileType = sourcecode.c.objc; path = CareTests.m; sourceTree = "<group>"; };
		CCCA2DC11AA51B4B007FE571 /* LoginViewController.h */ = {isa = PBXFileReference; fileEncoding = 4; lastKnownFileType = sourcecode.c.h; name = LoginViewController.h; path = ../LoginViewController.h; sourceTree = "<group>"; };
		CCCA2DC21AA51B4B007FE571 /* LoginViewController.m */ = {isa = PBXFileReference; fileEncoding = 4; lastKnownFileType = sourcecode.c.objc; name = LoginViewController.m; path = ../LoginViewController.m; sourceTree = "<group>"; };
		CCCA2DC71AA52834007FE571 /* RegisterViewController.h */ = {isa = PBXFileReference; fileEncoding = 4; lastKnownFileType = sourcecode.c.h; name = RegisterViewController.h; path = ../RegisterViewController.h; sourceTree = "<group>"; };
		CCCA2DC81AA52834007FE571 /* RegisterViewController.m */ = {isa = PBXFileReference; fileEncoding = 4; lastKnownFileType = sourcecode.c.objc; name = RegisterViewController.m; path = ../RegisterViewController.m; sourceTree = "<group>"; };
		CCCA2DCA1AA5287C007FE571 /* RegisterSeViewController.h */ = {isa = PBXFileReference; fileEncoding = 4; lastKnownFileType = sourcecode.c.h; name = RegisterSeViewController.h; path = ../RegisterSeViewController.h; sourceTree = "<group>"; };
		CCCA2DCB1AA5287C007FE571 /* RegisterSeViewController.m */ = {isa = PBXFileReference; fileEncoding = 4; lastKnownFileType = sourcecode.c.objc; name = RegisterSeViewController.m; path = ../RegisterSeViewController.m; sourceTree = "<group>"; };
		CCCA2DCD1AA530AB007FE571 /* TabBarViewController.h */ = {isa = PBXFileReference; fileEncoding = 4; lastKnownFileType = sourcecode.c.h; name = TabBarViewController.h; path = ../TabBarViewController.h; sourceTree = "<group>"; };
		CCCA2DCE1AA530AB007FE571 /* TabBarViewController.m */ = {isa = PBXFileReference; fileEncoding = 4; lastKnownFileType = sourcecode.c.objc; name = TabBarViewController.m; path = ../TabBarViewController.m; sourceTree = "<group>"; };
		CCCA2DD01AA530E6007FE571 /* TabView.h */ = {isa = PBXFileReference; fileEncoding = 4; lastKnownFileType = sourcecode.c.h; name = TabView.h; path = ../TabView.h; sourceTree = "<group>"; };
		CCCA2DD11AA530E6007FE571 /* TabView.m */ = {isa = PBXFileReference; fileEncoding = 4; lastKnownFileType = sourcecode.c.objc; name = TabView.m; path = ../TabView.m; sourceTree = "<group>"; };
		CCCA2DD31AA5324E007FE571 /* HomeViewController.h */ = {isa = PBXFileReference; fileEncoding = 4; lastKnownFileType = sourcecode.c.h; name = HomeViewController.h; path = ../HomeViewController.h; sourceTree = "<group>"; };
		CCCA2DD41AA5324E007FE571 /* HomeViewController.m */ = {isa = PBXFileReference; fileEncoding = 4; lastKnownFileType = sourcecode.c.objc; name = HomeViewController.m; path = ../HomeViewController.m; sourceTree = "<group>"; };
		CCCA2DD71AA53378007FE571 /* MKAnnotationView+WebCache.h */ = {isa = PBXFileReference; fileEncoding = 4; lastKnownFileType = sourcecode.c.h; path = "MKAnnotationView+WebCache.h"; sourceTree = "<group>"; };
		CCCA2DD81AA53378007FE571 /* MKAnnotationView+WebCache.m */ = {isa = PBXFileReference; fileEncoding = 4; lastKnownFileType = sourcecode.c.objc; path = "MKAnnotationView+WebCache.m"; sourceTree = "<group>"; };
		CCCA2DD91AA53378007FE571 /* NSData+ImageContentType.h */ = {isa = PBXFileReference; fileEncoding = 4; lastKnownFileType = sourcecode.c.h; path = "NSData+ImageContentType.h"; sourceTree = "<group>"; };
		CCCA2DDA1AA53378007FE571 /* NSData+ImageContentType.m */ = {isa = PBXFileReference; fileEncoding = 4; lastKnownFileType = sourcecode.c.objc; path = "NSData+ImageContentType.m"; sourceTree = "<group>"; };
		CCCA2DDB1AA53378007FE571 /* SDImageCache.h */ = {isa = PBXFileReference; fileEncoding = 4; lastKnownFileType = sourcecode.c.h; path = SDImageCache.h; sourceTree = "<group>"; };
		CCCA2DDC1AA53378007FE571 /* SDImageCache.m */ = {isa = PBXFileReference; fileEncoding = 4; lastKnownFileType = sourcecode.c.objc; path = SDImageCache.m; sourceTree = "<group>"; };
		CCCA2DDD1AA53378007FE571 /* SDWebImageCompat.h */ = {isa = PBXFileReference; fileEncoding = 4; lastKnownFileType = sourcecode.c.h; path = SDWebImageCompat.h; sourceTree = "<group>"; };
		CCCA2DDE1AA53378007FE571 /* SDWebImageCompat.m */ = {isa = PBXFileReference; fileEncoding = 4; lastKnownFileType = sourcecode.c.objc; path = SDWebImageCompat.m; sourceTree = "<group>"; };
		CCCA2DDF1AA53378007FE571 /* SDWebImageDecoder.h */ = {isa = PBXFileReference; fileEncoding = 4; lastKnownFileType = sourcecode.c.h; path = SDWebImageDecoder.h; sourceTree = "<group>"; };
		CCCA2DE01AA53378007FE571 /* SDWebImageDecoder.m */ = {isa = PBXFileReference; fileEncoding = 4; lastKnownFileType = sourcecode.c.objc; path = SDWebImageDecoder.m; sourceTree = "<group>"; };
		CCCA2DE11AA53378007FE571 /* SDWebImageDownloader.h */ = {isa = PBXFileReference; fileEncoding = 4; lastKnownFileType = sourcecode.c.h; path = SDWebImageDownloader.h; sourceTree = "<group>"; };
		CCCA2DE21AA53378007FE571 /* SDWebImageDownloader.m */ = {isa = PBXFileReference; fileEncoding = 4; lastKnownFileType = sourcecode.c.objc; path = SDWebImageDownloader.m; sourceTree = "<group>"; };
		CCCA2DE31AA53378007FE571 /* SDWebImageDownloaderOperation.h */ = {isa = PBXFileReference; fileEncoding = 4; lastKnownFileType = sourcecode.c.h; path = SDWebImageDownloaderOperation.h; sourceTree = "<group>"; };
		CCCA2DE41AA53378007FE571 /* SDWebImageDownloaderOperation.m */ = {isa = PBXFileReference; fileEncoding = 4; lastKnownFileType = sourcecode.c.objc; path = SDWebImageDownloaderOperation.m; sourceTree = "<group>"; };
		CCCA2DE51AA53378007FE571 /* SDWebImageManager.h */ = {isa = PBXFileReference; fileEncoding = 4; lastKnownFileType = sourcecode.c.h; path = SDWebImageManager.h; sourceTree = "<group>"; };
		CCCA2DE61AA53378007FE571 /* SDWebImageManager.m */ = {isa = PBXFileReference; fileEncoding = 4; lastKnownFileType = sourcecode.c.objc; path = SDWebImageManager.m; sourceTree = "<group>"; };
		CCCA2DE71AA53378007FE571 /* SDWebImageOperation.h */ = {isa = PBXFileReference; fileEncoding = 4; lastKnownFileType = sourcecode.c.h; path = SDWebImageOperation.h; sourceTree = "<group>"; };
		CCCA2DE81AA53378007FE571 /* SDWebImagePrefetcher.h */ = {isa = PBXFileReference; fileEncoding = 4; lastKnownFileType = sourcecode.c.h; path = SDWebImagePrefetcher.h; sourceTree = "<group>"; };
		CCCA2DE91AA53378007FE571 /* SDWebImagePrefetcher.m */ = {isa = PBXFileReference; fileEncoding = 4; lastKnownFileType = sourcecode.c.objc; path = SDWebImagePrefetcher.m; sourceTree = "<group>"; };
		CCCA2DEA1AA53378007FE571 /* UIButton+WebCache.h */ = {isa = PBXFileReference; fileEncoding = 4; lastKnownFileType = sourcecode.c.h; path = "UIButton+WebCache.h"; sourceTree = "<group>"; };
		CCCA2DEB1AA53378007FE571 /* UIButton+WebCache.m */ = {isa = PBXFileReference; fileEncoding = 4; lastKnownFileType = sourcecode.c.objc; path = "UIButton+WebCache.m"; sourceTree = "<group>"; };
		CCCA2DEC1AA53378007FE571 /* UIImage+GIF.h */ = {isa = PBXFileReference; fileEncoding = 4; lastKnownFileType = sourcecode.c.h; path = "UIImage+GIF.h"; sourceTree = "<group>"; };
		CCCA2DED1AA53378007FE571 /* UIImage+GIF.m */ = {isa = PBXFileReference; fileEncoding = 4; lastKnownFileType = sourcecode.c.objc; path = "UIImage+GIF.m"; sourceTree = "<group>"; };
		CCCA2DEE1AA53378007FE571 /* UIImage+MultiFormat.h */ = {isa = PBXFileReference; fileEncoding = 4; lastKnownFileType = sourcecode.c.h; path = "UIImage+MultiFormat.h"; sourceTree = "<group>"; };
		CCCA2DEF1AA53378007FE571 /* UIImage+MultiFormat.m */ = {isa = PBXFileReference; fileEncoding = 4; lastKnownFileType = sourcecode.c.objc; path = "UIImage+MultiFormat.m"; sourceTree = "<group>"; };
		CCCA2DF01AA53378007FE571 /* UIImage+WebP.h */ = {isa = PBXFileReference; fileEncoding = 4; lastKnownFileType = sourcecode.c.h; path = "UIImage+WebP.h"; sourceTree = "<group>"; };
		CCCA2DF11AA53378007FE571 /* UIImage+WebP.m */ = {isa = PBXFileReference; fileEncoding = 4; lastKnownFileType = sourcecode.c.objc; path = "UIImage+WebP.m"; sourceTree = "<group>"; };
		CCCA2DF21AA53378007FE571 /* UIImageView+HighlightedWebCache.h */ = {isa = PBXFileReference; fileEncoding = 4; lastKnownFileType = sourcecode.c.h; path = "UIImageView+HighlightedWebCache.h"; sourceTree = "<group>"; };
		CCCA2DF31AA53378007FE571 /* UIImageView+HighlightedWebCache.m */ = {isa = PBXFileReference; fileEncoding = 4; lastKnownFileType = sourcecode.c.objc; path = "UIImageView+HighlightedWebCache.m"; sourceTree = "<group>"; };
		CCCA2DF41AA53378007FE571 /* UIImageView+WebCache.h */ = {isa = PBXFileReference; fileEncoding = 4; lastKnownFileType = sourcecode.c.h; path = "UIImageView+WebCache.h"; sourceTree = "<group>"; };
		CCCA2DF51AA53378007FE571 /* UIImageView+WebCache.m */ = {isa = PBXFileReference; fileEncoding = 4; lastKnownFileType = sourcecode.c.objc; path = "UIImageView+WebCache.m"; sourceTree = "<group>"; };
		CCCA2DF61AA53378007FE571 /* UIView+WebCacheOperation.h */ = {isa = PBXFileReference; fileEncoding = 4; lastKnownFileType = sourcecode.c.h; path = "UIView+WebCacheOperation.h"; sourceTree = "<group>"; };
		CCCA2DF71AA53378007FE571 /* UIView+WebCacheOperation.m */ = {isa = PBXFileReference; fileEncoding = 4; lastKnownFileType = sourcecode.c.objc; path = "UIView+WebCacheOperation.m"; sourceTree = "<group>"; };
		CCCA2E091AA5339E007FE571 /* MJRefresh.bundle */ = {isa = PBXFileReference; lastKnownFileType = "wrapper.plug-in"; path = MJRefresh.bundle; sourceTree = "<group>"; };
		CCCA2E0A1AA5339E007FE571 /* MJRefresh.h */ = {isa = PBXFileReference; fileEncoding = 4; lastKnownFileType = sourcecode.c.h; path = MJRefresh.h; sourceTree = "<group>"; };
		CCCA2E0B1AA5339E007FE571 /* MJRefreshBaseView.h */ = {isa = PBXFileReference; fileEncoding = 4; lastKnownFileType = sourcecode.c.h; path = MJRefreshBaseView.h; sourceTree = "<group>"; };
		CCCA2E0C1AA5339E007FE571 /* MJRefreshBaseView.m */ = {isa = PBXFileReference; fileEncoding = 4; lastKnownFileType = sourcecode.c.objc; path = MJRefreshBaseView.m; sourceTree = "<group>"; };
		CCCA2E0D1AA5339E007FE571 /* MJRefreshConst.h */ = {isa = PBXFileReference; fileEncoding = 4; lastKnownFileType = sourcecode.c.h; path = MJRefreshConst.h; sourceTree = "<group>"; };
		CCCA2E0E1AA5339E007FE571 /* MJRefreshConst.m */ = {isa = PBXFileReference; fileEncoding = 4; lastKnownFileType = sourcecode.c.objc; path = MJRefreshConst.m; sourceTree = "<group>"; };
		CCCA2E0F1AA5339E007FE571 /* MJRefreshFooterView.h */ = {isa = PBXFileReference; fileEncoding = 4; lastKnownFileType = sourcecode.c.h; path = MJRefreshFooterView.h; sourceTree = "<group>"; };
		CCCA2E101AA5339E007FE571 /* MJRefreshFooterView.m */ = {isa = PBXFileReference; fileEncoding = 4; lastKnownFileType = sourcecode.c.objc; path = MJRefreshFooterView.m; sourceTree = "<group>"; };
		CCCA2E111AA5339E007FE571 /* MJRefreshHeaderView.h */ = {isa = PBXFileReference; fileEncoding = 4; lastKnownFileType = sourcecode.c.h; path = MJRefreshHeaderView.h; sourceTree = "<group>"; };
		CCCA2E121AA5339E007FE571 /* MJRefreshHeaderView.m */ = {isa = PBXFileReference; fileEncoding = 4; lastKnownFileType = sourcecode.c.objc; path = MJRefreshHeaderView.m; sourceTree = "<group>"; };
		CCCA2E131AA5339E007FE571 /* UIScrollView+MJRefresh.h */ = {isa = PBXFileReference; fileEncoding = 4; lastKnownFileType = sourcecode.c.h; path = "UIScrollView+MJRefresh.h"; sourceTree = "<group>"; };
		CCCA2E141AA5339E007FE571 /* UIScrollView+MJRefresh.m */ = {isa = PBXFileReference; fileEncoding = 4; lastKnownFileType = sourcecode.c.objc; path = "UIScrollView+MJRefresh.m"; sourceTree = "<group>"; };
		CCCA2E151AA5339E007FE571 /* UIView+Extension.h */ = {isa = PBXFileReference; fileEncoding = 4; lastKnownFileType = sourcecode.c.h; path = "UIView+Extension.h"; sourceTree = "<group>"; };
		CCCA2E161AA5339E007FE571 /* UIView+Extension.m */ = {isa = PBXFileReference; fileEncoding = 4; lastKnownFileType = sourcecode.c.objc; path = "UIView+Extension.m"; sourceTree = "<group>"; };
		CCCA2E171AA5339E007FE571 /* UIScrollView+Extension.h */ = {isa = PBXFileReference; fileEncoding = 4; lastKnownFileType = sourcecode.c.h; path = "UIScrollView+Extension.h"; sourceTree = "<group>"; };
		CCCA2E181AA5339E007FE571 /* UIScrollView+Extension.m */ = {isa = PBXFileReference; fileEncoding = 4; lastKnownFileType = sourcecode.c.objc; path = "UIScrollView+Extension.m"; sourceTree = "<group>"; };
		CCCA2E211AA533CC007FE571 /* CTableViewCell.h */ = {isa = PBXFileReference; fileEncoding = 4; lastKnownFileType = sourcecode.c.h; name = CTableViewCell.h; path = ../CTableViewCell.h; sourceTree = "<group>"; };
		CCCA2E221AA533CC007FE571 /* CTableViewCell.m */ = {isa = PBXFileReference; fileEncoding = 4; lastKnownFileType = sourcecode.c.objc; name = CTableViewCell.m; path = ../CTableViewCell.m; sourceTree = "<group>"; };
		CCCA2E241AA534EE007FE571 /* Foundation.framework */ = {isa = PBXFileReference; lastKnownFileType = wrapper.framework; name = Foundation.framework; path = System/Library/Frameworks/Foundation.framework; sourceTree = SDKROOT; };
		CCCA2E261AA534FE007FE571 /* UIKit.framework */ = {isa = PBXFileReference; lastKnownFileType = wrapper.framework; name = UIKit.framework; path = System/Library/Frameworks/UIKit.framework; sourceTree = SDKROOT; };
		CCCA2E281AA53522007FE571 /* PrefixHeader.pch */ = {isa = PBXFileReference; fileEncoding = 4; lastKnownFileType = sourcecode.c.h; path = PrefixHeader.pch; sourceTree = "<group>"; };
		CCCA2E291AA53580007FE571 /* AVFoundation.framework */ = {isa = PBXFileReference; lastKnownFileType = wrapper.framework; name = AVFoundation.framework; path = System/Library/Frameworks/AVFoundation.framework; sourceTree = SDKROOT; };
		CCCA2E2B1AA53961007FE571 /* NavLoginViewController.h */ = {isa = PBXFileReference; fileEncoding = 4; lastKnownFileType = sourcecode.c.h; name = NavLoginViewController.h; path = ../NavLoginViewController.h; sourceTree = "<group>"; };
		CCCA2E2C1AA53961007FE571 /* NavLoginViewController.m */ = {isa = PBXFileReference; fileEncoding = 4; lastKnownFileType = sourcecode.c.objc; name = NavLoginViewController.m; path = ../NavLoginViewController.m; sourceTree = "<group>"; };
		CCCA2E301AA53A04007FE571 /* tabbar_background.png */ = {isa = PBXFileReference; lastKnownFileType = image.png; path = tabbar_background.png; sourceTree = "<group>"; };
		CCCA2E321AA53ACB007FE571 /* MessageViewController.h */ = {isa = PBXFileReference; fileEncoding = 4; lastKnownFileType = sourcecode.c.h; name = MessageViewController.h; path = ../MessageViewController.h; sourceTree = "<group>"; };
		CCCA2E331AA53ACB007FE571 /* MessageViewController.m */ = {isa = PBXFileReference; fileEncoding = 4; lastKnownFileType = sourcecode.c.objc; name = MessageViewController.m; path = ../MessageViewController.m; sourceTree = "<group>"; };
		CCCA2E351AA53AD7007FE571 /* GroupViewController.h */ = {isa = PBXFileReference; fileEncoding = 4; lastKnownFileType = sourcecode.c.h; name = GroupViewController.h; path = ../GroupViewController.h; sourceTree = "<group>"; };
		CCCA2E361AA53AD7007FE571 /* GroupViewController.m */ = {isa = PBXFileReference; fileEncoding = 4; lastKnownFileType = sourcecode.c.objc; name = GroupViewController.m; path = ../GroupViewController.m; sourceTree = "<group>"; };
		CCCA2E381AA53AE0007FE571 /* MapViewController.h */ = {isa = PBXFileReference; fileEncoding = 4; lastKnownFileType = sourcecode.c.h; name = MapViewController.h; path = ../MapViewController.h; sourceTree = "<group>"; };
		CCCA2E391AA53AE0007FE571 /* MapViewController.m */ = {isa = PBXFileReference; fileEncoding = 4; lastKnownFileType = sourcecode.c.objc; name = MapViewController.m; path = ../MapViewController.m; sourceTree = "<group>"; };
		CCCA2E3B1AA53AED007FE571 /* SelfViewController.h */ = {isa = PBXFileReference; fileEncoding = 4; lastKnownFileType = sourcecode.c.h; name = SelfViewController.h; path = ../SelfViewController.h; sourceTree = "<group>"; };
		CCCA2E3C1AA53AED007FE571 /* SelfViewController.m */ = {isa = PBXFileReference; fileEncoding = 4; lastKnownFileType = sourcecode.c.objc; name = SelfViewController.m; path = ../SelfViewController.m; sourceTree = "<group>"; };
/* End PBXFileReference section */

/* Begin PBXFrameworksBuildPhase section */
		CCCA2D951AA51ABF007FE571 /* Frameworks */ = {
			isa = PBXFrameworksBuildPhase;
			buildActionMask = 2147483647;
			files = (
				CCCA2E2A1AA53580007FE571 /* AVFoundation.framework in Frameworks */,
				CCCA2E271AA534FE007FE571 /* UIKit.framework in Frameworks */,
				CCCA2E251AA534EE007FE571 /* Foundation.framework in Frameworks */,
			);
			runOnlyForDeploymentPostprocessing = 0;
		};
		CCCA2DAE1AA51ABF007FE571 /* Frameworks */ = {
			isa = PBXFrameworksBuildPhase;
			buildActionMask = 2147483647;
			files = (
			);
			runOnlyForDeploymentPostprocessing = 0;
		};
/* End PBXFrameworksBuildPhase section */

/* Begin PBXGroup section */
		2ABCE5671AA72831007403CD /* other */ = {
			isa = PBXGroup;
			children = (
				CCCA2DA51AA51ABF007FE571 /* Main.storyboard */,
				CCCA2DA81AA51ABF007FE571 /* Images.xcassets */,
				CCCA2DAA1AA51ABF007FE571 /* LaunchScreen.xib */,
				CCCA2D9F1AA51ABF007FE571 /* AppDelegate.h */,
				CCCA2DA01AA51ABF007FE571 /* AppDelegate.m */,
			);
			name = other;
			sourceTree = "<group>";
		};
		2ABCE5681AA72852007403CD /* message */ = {
			isa = PBXGroup;
			children = (
				CCCA2E321AA53ACB007FE571 /* MessageViewController.h */,
				CCCA2E331AA53ACB007FE571 /* MessageViewController.m */,
			);
			name = message;
			sourceTree = "<group>";
		};
		2ABCE5691AA7285D007403CD /* home */ = {
			isa = PBXGroup;
			children = (
				CCCA2DD31AA5324E007FE571 /* HomeViewController.h */,
				CCCA2DD41AA5324E007FE571 /* HomeViewController.m */,
				CCCA2E211AA533CC007FE571 /* CTableViewCell.h */,
				CCCA2E221AA533CC007FE571 /* CTableViewCell.m */,
			);
			name = home;
			sourceTree = "<group>";
		};
		2ABCE56A1AA72866007403CD /* group */ = {
			isa = PBXGroup;
			children = (
				CCCA2E351AA53AD7007FE571 /* GroupViewController.h */,
				CCCA2E361AA53AD7007FE571 /* GroupViewController.m */,
			);
			name = group;
			sourceTree = "<group>";
		};
		2ABCE56B1AA72871007403CD /* me */ = {
			isa = PBXGroup;
			children = (
				CCCA2E2B1AA53961007FE571 /* NavLoginViewController.h */,
				CCCA2E2C1AA53961007FE571 /* NavLoginViewController.m */,
				CCCA2DC11AA51B4B007FE571 /* LoginViewController.h */,
				CCCA2DC21AA51B4B007FE571 /* LoginViewController.m */,
				CCCA2E3B1AA53AED007FE571 /* SelfViewController.h */,
				CCCA2E3C1AA53AED007FE571 /* SelfViewController.m */,
				CCCA2DCA1AA5287C007FE571 /* RegisterSeViewController.h */,
				CCCA2DCB1AA5287C007FE571 /* RegisterSeViewController.m */,
				CCCA2DC71AA52834007FE571 /* RegisterViewController.h */,
				CCCA2DC81AA52834007FE571 /* RegisterViewController.m */,
			);
			name = me;
			sourceTree = "<group>";
		};
		2ABCE56C1AA72878007403CD /* map */ = {
			isa = PBXGroup;
			children = (
				CCCA2E381AA53AE0007FE571 /* MapViewController.h */,
				CCCA2E391AA53AE0007FE571 /* MapViewController.m */,
			);
			name = map;
			sourceTree = "<group>";
		};
		2ABCE56D1AA7299E007403CD /* main */ = {
			isa = PBXGroup;
			children = (
				CCCA2DCD1AA530AB007FE571 /* TabBarViewController.h */,
				CCCA2DCE1AA530AB007FE571 /* TabBarViewController.m */,
				CCCA2DD01AA530E6007FE571 /* TabView.h */,
				CCCA2DD11AA530E6007FE571 /* TabView.m */,
				2ABCE56E1AA73BD0007403CD /* TabButton.h */,
				2ABCE56F1AA73BD0007403CD /* TabButton.m */,
			);
			name = main;
			sourceTree = "<group>";
		};
		CCCA2D8F1AA51ABF007FE571 = {
			isa = PBXGroup;
			children = (
				CCCA2E2F1AA539F9007FE571 /* preimage */,
				CCCA2E2E1AA539D1007FE571 /* framework */,
				CCCA2E081AA53389007FE571 /* refresh */,
				CCCA2DD61AA53351007FE571 /* sdwebImage */,
				CCCA2D9A1AA51ABF007FE571 /* Care */,
				CCCA2DB41AA51ABF007FE571 /* CareTests */,
				CCCA2D991AA51ABF007FE571 /* Products */,
			);
			sourceTree = "<group>";
		};
		CCCA2D991AA51ABF007FE571 /* Products */ = {
			isa = PBXGroup;
			children = (
				CCCA2D981AA51ABF007FE571 /* Care.app */,
				CCCA2DB11AA51ABF007FE571 /* CareTests.xctest */,
			);
			name = Products;
			sourceTree = "<group>";
		};
		CCCA2D9A1AA51ABF007FE571 /* Care */ = {
			isa = PBXGroup;
			children = (
				2ABCE56D1AA7299E007403CD /* main */,
				2ABCE56C1AA72878007403CD /* map */,
				2ABCE56B1AA72871007403CD /* me */,
				2ABCE56A1AA72866007403CD /* group */,
				2ABCE5691AA7285D007403CD /* home */,
				2ABCE5681AA72852007403CD /* message */,
				2ABCE5671AA72831007403CD /* other */,
				CCCA2DA21AA51ABF007FE571 /* ViewController.h */,
				CCCA2DA31AA51ABF007FE571 /* ViewController.m */,
				CCCA2D9B1AA51ABF007FE571 /* Supporting Files */,
			);
			path = Care;
			sourceTree = "<group>";
		};
		CCCA2D9B1AA51ABF007FE571 /* Supporting Files */ = {
			isa = PBXGroup;
			children = (
				CCCA2D9C1AA51ABF007FE571 /* Info.plist */,
				CCCA2D9D1AA51ABF007FE571 /* main.m */,
			);
			name = "Supporting Files";
			sourceTree = "<group>";
		};
		CCCA2DB41AA51ABF007FE571 /* CareTests */ = {
			isa = PBXGroup;
			children = (
				CCCA2DB71AA51ABF007FE571 /* CareTests.m */,
				CCCA2DB51AA51ABF007FE571 /* Supporting Files */,
			);
			path = CareTests;
			sourceTree = "<group>";
		};
		CCCA2DB51AA51ABF007FE571 /* Supporting Files */ = {
			isa = PBXGroup;
			children = (
				CCCA2DB61AA51ABF007FE571 /* Info.plist */,
			);
			name = "Supporting Files";
			sourceTree = "<group>";
		};
		CCCA2DD61AA53351007FE571 /* sdwebImage */ = {
			isa = PBXGroup;
			children = (
				CCCA2DD71AA53378007FE571 /* MKAnnotationView+WebCache.h */,
				CCCA2DD81AA53378007FE571 /* MKAnnotationView+WebCache.m */,
				CCCA2DD91AA53378007FE571 /* NSData+ImageContentType.h */,
				CCCA2DDA1AA53378007FE571 /* NSData+ImageContentType.m */,
				CCCA2DDB1AA53378007FE571 /* SDImageCache.h */,
				CCCA2DDC1AA53378007FE571 /* SDImageCache.m */,
				CCCA2DDD1AA53378007FE571 /* SDWebImageCompat.h */,
				CCCA2DDE1AA53378007FE571 /* SDWebImageCompat.m */,
				CCCA2DDF1AA53378007FE571 /* SDWebImageDecoder.h */,
				CCCA2DE01AA53378007FE571 /* SDWebImageDecoder.m */,
				CCCA2DE11AA53378007FE571 /* SDWebImageDownloader.h */,
				CCCA2DE21AA53378007FE571 /* SDWebImageDownloader.m */,
				CCCA2DE31AA53378007FE571 /* SDWebImageDownloaderOperation.h */,
				CCCA2DE41AA53378007FE571 /* SDWebImageDownloaderOperation.m */,
				CCCA2DE51AA53378007FE571 /* SDWebImageManager.h */,
				CCCA2DE61AA53378007FE571 /* SDWebImageManager.m */,
				CCCA2DE71AA53378007FE571 /* SDWebImageOperation.h */,
				CCCA2DE81AA53378007FE571 /* SDWebImagePrefetcher.h */,
				CCCA2DE91AA53378007FE571 /* SDWebImagePrefetcher.m */,
				CCCA2DEA1AA53378007FE571 /* UIButton+WebCache.h */,
				CCCA2DEB1AA53378007FE571 /* UIButton+WebCache.m */,
				CCCA2DEC1AA53378007FE571 /* UIImage+GIF.h */,
				CCCA2DED1AA53378007FE571 /* UIImage+GIF.m */,
				CCCA2DEE1AA53378007FE571 /* UIImage+MultiFormat.h */,
				CCCA2DEF1AA53378007FE571 /* UIImage+MultiFormat.m */,
				CCCA2DF01AA53378007FE571 /* UIImage+WebP.h */,
				CCCA2DF11AA53378007FE571 /* UIImage+WebP.m */,
				CCCA2DF21AA53378007FE571 /* UIImageView+HighlightedWebCache.h */,
				CCCA2DF31AA53378007FE571 /* UIImageView+HighlightedWebCache.m */,
				CCCA2DF41AA53378007FE571 /* UIImageView+WebCache.h */,
				CCCA2DF51AA53378007FE571 /* UIImageView+WebCache.m */,
				CCCA2DF61AA53378007FE571 /* UIView+WebCacheOperation.h */,
				CCCA2DF71AA53378007FE571 /* UIView+WebCacheOperation.m */,
			);
			name = sdwebImage;
			sourceTree = "<group>";
		};
		CCCA2E081AA53389007FE571 /* refresh */ = {
			isa = PBXGroup;
			children = (
				CCCA2E091AA5339E007FE571 /* MJRefresh.bundle */,
				CCCA2E0A1AA5339E007FE571 /* MJRefresh.h */,
				CCCA2E0B1AA5339E007FE571 /* MJRefreshBaseView.h */,
				CCCA2E0C1AA5339E007FE571 /* MJRefreshBaseView.m */,
				CCCA2E0D1AA5339E007FE571 /* MJRefreshConst.h */,
				CCCA2E0E1AA5339E007FE571 /* MJRefreshConst.m */,
				CCCA2E0F1AA5339E007FE571 /* MJRefreshFooterView.h */,
				CCCA2E101AA5339E007FE571 /* MJRefreshFooterView.m */,
				CCCA2E111AA5339E007FE571 /* MJRefreshHeaderView.h */,
				CCCA2E121AA5339E007FE571 /* MJRefreshHeaderView.m */,
				CCCA2E131AA5339E007FE571 /* UIScrollView+MJRefresh.h */,
				CCCA2E141AA5339E007FE571 /* UIScrollView+MJRefresh.m */,
				CCCA2E151AA5339E007FE571 /* UIView+Extension.h */,
				CCCA2E161AA5339E007FE571 /* UIView+Extension.m */,
				CCCA2E171AA5339E007FE571 /* UIScrollView+Extension.h */,
				CCCA2E181AA5339E007FE571 /* UIScrollView+Extension.m */,
			);
			name = refresh;
			sourceTree = "<group>";
		};
		CCCA2E2E1AA539D1007FE571 /* framework */ = {
			isa = PBXGroup;
			children = (
				CCCA2E291AA53580007FE571 /* AVFoundation.framework */,
				CCCA2E281AA53522007FE571 /* PrefixHeader.pch */,
				CCCA2E261AA534FE007FE571 /* UIKit.framework */,
				CCCA2E241AA534EE007FE571 /* Foundation.framework */,
			);
			name = framework;
			sourceTree = "<group>";
		};
		CCCA2E2F1AA539F9007FE571 /* preimage */ = {
			isa = PBXGroup;
			children = (
				CCCA2E301AA53A04007FE571 /* tabbar_background.png */,
			);
			name = preimage;
			sourceTree = "<group>";
		};
/* End PBXGroup section */

/* Begin PBXNativeTarget section */
		CCCA2D971AA51ABF007FE571 /* Care */ = {
			isa = PBXNativeTarget;
			buildConfigurationList = CCCA2DBB1AA51ABF007FE571 /* Build configuration list for PBXNativeTarget "Care" */;
			buildPhases = (
				CCCA2D941AA51ABF007FE571 /* Sources */,
				CCCA2D951AA51ABF007FE571 /* Frameworks */,
				CCCA2D961AA51ABF007FE571 /* Resources */,
			);
			buildRules = (
			);
			dependencies = (
			);
			name = Care;
			productName = Care;
			productReference = CCCA2D981AA51ABF007FE571 /* Care.app */;
			productType = "com.apple.product-type.application";
		};
		CCCA2DB01AA51ABF007FE571 /* CareTests */ = {
			isa = PBXNativeTarget;
			buildConfigurationList = CCCA2DBE1AA51ABF007FE571 /* Build configuration list for PBXNativeTarget "CareTests" */;
			buildPhases = (
				CCCA2DAD1AA51ABF007FE571 /* Sources */,
				CCCA2DAE1AA51ABF007FE571 /* Frameworks */,
				CCCA2DAF1AA51ABF007FE571 /* Resources */,
			);
			buildRules = (
			);
			dependencies = (
				CCCA2DB31AA51ABF007FE571 /* PBXTargetDependency */,
			);
			name = CareTests;
			productName = CareTests;
			productReference = CCCA2DB11AA51ABF007FE571 /* CareTests.xctest */;
			productType = "com.apple.product-type.bundle.unit-test";
		};
/* End PBXNativeTarget section */

/* Begin PBXProject section */
		CCCA2D901AA51ABF007FE571 /* Project object */ = {
			isa = PBXProject;
			attributes = {
				LastUpgradeCheck = 0610;
				ORGANIZATIONNAME = mhand;
				TargetAttributes = {
					CCCA2D971AA51ABF007FE571 = {
						CreatedOnToolsVersion = 6.1.1;
					};
					CCCA2DB01AA51ABF007FE571 = {
						CreatedOnToolsVersion = 6.1.1;
						TestTargetID = CCCA2D971AA51ABF007FE571;
					};
				};
			};
			buildConfigurationList = CCCA2D931AA51ABF007FE571 /* Build configuration list for PBXProject "Care" */;
			compatibilityVersion = "Xcode 3.2";
			developmentRegion = English;
			hasScannedForEncodings = 0;
			knownRegions = (
				en,
				Base,
			);
			mainGroup = CCCA2D8F1AA51ABF007FE571;
			productRefGroup = CCCA2D991AA51ABF007FE571 /* Products */;
			projectDirPath = "";
			projectRoot = "";
			targets = (
				CCCA2D971AA51ABF007FE571 /* Care */,
				CCCA2DB01AA51ABF007FE571 /* CareTests */,
			);
		};
/* End PBXProject section */

/* Begin PBXResourcesBuildPhase section */
		CCCA2D961AA51ABF007FE571 /* Resources */ = {
			isa = PBXResourcesBuildPhase;
			buildActionMask = 2147483647;
			files = (
				CCCA2DA71AA51ABF007FE571 /* Main.storyboard in Resources */,
				CCCA2DAC1AA51ABF007FE571 /* LaunchScreen.xib in Resources */,
				CCCA2E191AA5339E007FE571 /* MJRefresh.bundle in Resources */,
				CCCA2E311AA53A04007FE571 /* tabbar_background.png in Resources */,
				CCCA2DA91AA51ABF007FE571 /* Images.xcassets in Resources */,
			);
			runOnlyForDeploymentPostprocessing = 0;
		};
		CCCA2DAF1AA51ABF007FE571 /* Resources */ = {
			isa = PBXResourcesBuildPhase;
			buildActionMask = 2147483647;
			files = (
			);
			runOnlyForDeploymentPostprocessing = 0;
		};
/* End PBXResourcesBuildPhase section */

/* Begin PBXSourcesBuildPhase section */
		CCCA2D941AA51ABF007FE571 /* Sources */ = {
			isa = PBXSourcesBuildPhase;
			buildActionMask = 2147483647;
			files = (
				CCCA2E051AA53378007FE571 /* UIImageView+HighlightedWebCache.m in Sources */,
				CCCA2DFC1AA53378007FE571 /* SDWebImageDecoder.m in Sources */,
				CCCA2E3A1AA53AE0007FE571 /* MapViewController.m in Sources */,
				CCCA2E061AA53378007FE571 /* UIImageView+WebCache.m in Sources */,
				CCCA2E201AA5339E007FE571 /* UIScrollView+Extension.m in Sources */,
				CCCA2DC91AA52834007FE571 /* RegisterViewController.m in Sources */,
				CCCA2DFE1AA53378007FE571 /* SDWebImageDownloaderOperation.m in Sources */,
				CCCA2E341AA53ACB007FE571 /* MessageViewController.m in Sources */,
				CCCA2E3D1AA53AED007FE571 /* SelfViewController.m in Sources */,
				CCCA2E231AA533CC007FE571 /* CTableViewCell.m in Sources */,
				CCCA2E1B1AA5339E007FE571 /* MJRefreshConst.m in Sources */,
				CCCA2DFF1AA53378007FE571 /* SDWebImageManager.m in Sources */,
				CCCA2E1A1AA5339E007FE571 /* MJRefreshBaseView.m in Sources */,
				CCCA2E1E1AA5339E007FE571 /* UIScrollView+MJRefresh.m in Sources */,
				CCCA2E371AA53AD7007FE571 /* GroupViewController.m in Sources */,
				CCCA2DCC1AA5287C007FE571 /* RegisterSeViewController.m in Sources */,
				2ABCE5701AA73BD0007403CD /* TabButton.m in Sources */,
				CCCA2DCF1AA530AB007FE571 /* TabBarViewController.m in Sources */,
				CCCA2DFD1AA53378007FE571 /* SDWebImageDownloader.m in Sources */,
				CCCA2E1D1AA5339E007FE571 /* MJRefreshHeaderView.m in Sources */,
				CCCA2DF81AA53378007FE571 /* MKAnnotationView+WebCache.m in Sources */,
				CCCA2DFB1AA53378007FE571 /* SDWebImageCompat.m in Sources */,
				CCCA2E001AA53378007FE571 /* SDWebImagePrefetcher.m in Sources */,
				CCCA2E071AA53378007FE571 /* UIView+WebCacheOperation.m in Sources */,
				CCCA2E031AA53378007FE571 /* UIImage+MultiFormat.m in Sources */,
				CCCA2DC31AA51B4B007FE571 /* LoginViewController.m in Sources */,
				CCCA2E1F1AA5339E007FE571 /* UIView+Extension.m in Sources */,
				CCCA2DA41AA51ABF007FE571 /* ViewController.m in Sources */,
				CCCA2E011AA53378007FE571 /* UIButton+WebCache.m in Sources */,
				CCCA2E2D1AA53961007FE571 /* NavLoginViewController.m in Sources */,
				CCCA2DD51AA5324E007FE571 /* HomeViewController.m in Sources */,
				CCCA2E1C1AA5339E007FE571 /* MJRefreshFooterView.m in Sources */,
				CCCA2DFA1AA53378007FE571 /* SDImageCache.m in Sources */,
				CCCA2DA11AA51ABF007FE571 /* AppDelegate.m in Sources */,
				CCCA2DD21AA530E6007FE571 /* TabView.m in Sources */,
				CCCA2D9E1AA51ABF007FE571 /* main.m in Sources */,
				CCCA2E021AA53378007FE571 /* UIImage+GIF.m in Sources */,
				CCCA2DF91AA53378007FE571 /* NSData+ImageContentType.m in Sources */,
				CCCA2E041AA53378007FE571 /* UIImage+WebP.m in Sources */,
			);
			runOnlyForDeploymentPostprocessing = 0;
		};
		CCCA2DAD1AA51ABF007FE571 /* Sources */ = {
			isa = PBXSourcesBuildPhase;
			buildActionMask = 2147483647;
			files = (
				CCCA2DB81AA51ABF007FE571 /* CareTests.m in Sources */,
			);
			runOnlyForDeploymentPostprocessing = 0;
		};
/* End PBXSourcesBuildPhase section */

/* Begin PBXTargetDependency section */
		CCCA2DB31AA51ABF007FE571 /* PBXTargetDependency */ = {
			isa = PBXTargetDependency;
			target = CCCA2D971AA51ABF007FE571 /* Care */;
			targetProxy = CCCA2DB21AA51ABF007FE571 /* PBXContainerItemProxy */;
		};
/* End PBXTargetDependency section */

/* Begin PBXVariantGroup section */
		CCCA2DA51AA51ABF007FE571 /* Main.storyboard */ = {
			isa = PBXVariantGroup;
			children = (
				CCCA2DA61AA51ABF007FE571 /* Base */,
			);
			name = Main.storyboard;
			sourceTree = "<group>";
		};
		CCCA2DAA1AA51ABF007FE571 /* LaunchScreen.xib */ = {
			isa = PBXVariantGroup;
			children = (
				CCCA2DAB1AA51ABF007FE571 /* Base */,
			);
			name = LaunchScreen.xib;
			sourceTree = "<group>";
		};
/* End PBXVariantGroup section */

/* Begin XCBuildConfiguration section */
		CCCA2DB91AA51ABF007FE571 /* Debug */ = {
			isa = XCBuildConfiguration;
			buildSettings = {
				ALWAYS_SEARCH_USER_PATHS = NO;
				CLANG_CXX_LANGUAGE_STANDARD = "gnu++0x";
				CLANG_CXX_LIBRARY = "libc++";
				CLANG_ENABLE_MODULES = YES;
				CLANG_ENABLE_OBJC_ARC = YES;
				CLANG_WARN_BOOL_CONVERSION = YES;
				CLANG_WARN_CONSTANT_CONVERSION = YES;
				CLANG_WARN_DIRECT_OBJC_ISA_USAGE = YES_ERROR;
				CLANG_WARN_EMPTY_BODY = YES;
				CLANG_WARN_ENUM_CONVERSION = YES;
				CLANG_WARN_INT_CONVERSION = YES;
				CLANG_WARN_OBJC_ROOT_CLASS = YES_ERROR;
				CLANG_WARN_UNREACHABLE_CODE = YES;
				CLANG_WARN__DUPLICATE_METHOD_MATCH = YES;
				"CODE_SIGN_IDENTITY[sdk=iphoneos*]" = "iPhone Developer";
				COPY_PHASE_STRIP = NO;
				ENABLE_STRICT_OBJC_MSGSEND = YES;
				GCC_C_LANGUAGE_STANDARD = gnu99;
				GCC_DYNAMIC_NO_PIC = NO;
				GCC_OPTIMIZATION_LEVEL = 0;
				GCC_PREPROCESSOR_DEFINITIONS = (
					"DEBUG=1",
					"$(inherited)",
				);
				GCC_SYMBOLS_PRIVATE_EXTERN = NO;
				GCC_WARN_64_TO_32_BIT_CONVERSION = YES;
				GCC_WARN_ABOUT_RETURN_TYPE = YES_ERROR;
				GCC_WARN_UNDECLARED_SELECTOR = YES;
				GCC_WARN_UNINITIALIZED_AUTOS = YES_AGGRESSIVE;
				GCC_WARN_UNUSED_FUNCTION = YES;
				GCC_WARN_UNUSED_VARIABLE = YES;
				IPHONEOS_DEPLOYMENT_TARGET = 8.1;
				MTL_ENABLE_DEBUG_INFO = YES;
				ONLY_ACTIVE_ARCH = YES;
				SDKROOT = iphoneos;
			};
			name = Debug;
		};
		CCCA2DBA1AA51ABF007FE571 /* Release */ = {
			isa = XCBuildConfiguration;
			buildSettings = {
				ALWAYS_SEARCH_USER_PATHS = NO;
				CLANG_CXX_LANGUAGE_STANDARD = "gnu++0x";
				CLANG_CXX_LIBRARY = "libc++";
				CLANG_ENABLE_MODULES = YES;
				CLANG_ENABLE_OBJC_ARC = YES;
				CLANG_WARN_BOOL_CONVERSION = YES;
				CLANG_WARN_CONSTANT_CONVERSION = YES;
				CLANG_WARN_DIRECT_OBJC_ISA_USAGE = YES_ERROR;
				CLANG_WARN_EMPTY_BODY = YES;
				CLANG_WARN_ENUM_CONVERSION = YES;
				CLANG_WARN_INT_CONVERSION = YES;
				CLANG_WARN_OBJC_ROOT_CLASS = YES_ERROR;
				CLANG_WARN_UNREACHABLE_CODE = YES;
				CLANG_WARN__DUPLICATE_METHOD_MATCH = YES;
				"CODE_SIGN_IDENTITY[sdk=iphoneos*]" = "iPhone Developer";
				COPY_PHASE_STRIP = YES;
				ENABLE_NS_ASSERTIONS = NO;
				ENABLE_STRICT_OBJC_MSGSEND = YES;
				GCC_C_LANGUAGE_STANDARD = gnu99;
				GCC_WARN_64_TO_32_BIT_CONVERSION = YES;
				GCC_WARN_ABOUT_RETURN_TYPE = YES_ERROR;
				GCC_WARN_UNDECLARED_SELECTOR = YES;
				GCC_WARN_UNINITIALIZED_AUTOS = YES_AGGRESSIVE;
				GCC_WARN_UNUSED_FUNCTION = YES;
				GCC_WARN_UNUSED_VARIABLE = YES;
				IPHONEOS_DEPLOYMENT_TARGET = 8.1;
				MTL_ENABLE_DEBUG_INFO = NO;
				SDKROOT = iphoneos;
				VALIDATE_PRODUCT = YES;
			};
			name = Release;
		};
		CCCA2DBC1AA51ABF007FE571 /* Debug */ = {
			isa = XCBuildConfiguration;
			buildSettings = {
				ASSETCATALOG_COMPILER_APPICON_NAME = AppIcon;
				ASSETCATALOG_COMPILER_LAUNCHIMAGE_NAME = LaunchImage;
				ENABLE_STRICT_OBJC_MSGSEND = NO;
				INFOPLIST_FILE = Care/Info.plist;
				IPHONEOS_DEPLOYMENT_TARGET = 8.0;
				LD_RUNPATH_SEARCH_PATHS = "$(inherited) @executable_path/Frameworks";
				PRODUCT_NAME = "$(TARGET_NAME)";
				TARGETED_DEVICE_FAMILY = "1,2";
			};
			name = Debug;
		};
		CCCA2DBD1AA51ABF007FE571 /* Release */ = {
			isa = XCBuildConfiguration;
			buildSettings = {
				ASSETCATALOG_COMPILER_APPICON_NAME = AppIcon;
				ASSETCATALOG_COMPILER_LAUNCHIMAGE_NAME = LaunchImage;
				ENABLE_STRICT_OBJC_MSGSEND = NO;
				INFOPLIST_FILE = Care/Info.plist;
				IPHONEOS_DEPLOYMENT_TARGET = 8.0;
				LD_RUNPATH_SEARCH_PATHS = "$(inherited) @executable_path/Frameworks";
				PRODUCT_NAME = "$(TARGET_NAME)";
				TARGETED_DEVICE_FAMILY = "1,2";
			};
			name = Release;
		};
		CCCA2DBF1AA51ABF007FE571 /* Debug */ = {
			isa = XCBuildConfiguration;
			buildSettings = {
				BUNDLE_LOADER = "$(TEST_HOST)";
				FRAMEWORK_SEARCH_PATHS = (
					"$(SDKROOT)/Developer/Library/Frameworks",
					"$(inherited)",
				);
				GCC_PREPROCESSOR_DEFINITIONS = (
					"DEBUG=1",
					"$(inherited)",
				);
				INFOPLIST_FILE = CareTests/Info.plist;
				LD_RUNPATH_SEARCH_PATHS = "$(inherited) @executable_path/Frameworks @loader_path/Frameworks";
				PRODUCT_NAME = "$(TARGET_NAME)";
				TEST_HOST = "$(BUILT_PRODUCTS_DIR)/Care.app/Care";
			};
			name = Debug;
		};
		CCCA2DC01AA51ABF007FE571 /* Release */ = {
			isa = XCBuildConfiguration;
			buildSettings = {
				BUNDLE_LOADER = "$(TEST_HOST)";
				FRAMEWORK_SEARCH_PATHS = (
					"$(SDKROOT)/Developer/Library/Frameworks",
					"$(inherited)",
				);
				INFOPLIST_FILE = CareTests/Info.plist;
				LD_RUNPATH_SEARCH_PATHS = "$(inherited) @executable_path/Frameworks @loader_path/Frameworks";
				PRODUCT_NAME = "$(TARGET_NAME)";
				TEST_HOST = "$(BUILT_PRODUCTS_DIR)/Care.app/Care";
			};
			name = Release;
		};
/* End XCBuildConfiguration section */

/* Begin XCConfigurationList section */
		CCCA2D931AA51ABF007FE571 /* Build configuration list for PBXProject "Care" */ = {
			isa = XCConfigurationList;
			buildConfigurations = (
				CCCA2DB91AA51ABF007FE571 /* Debug */,
				CCCA2DBA1AA51ABF007FE571 /* Release */,
			);
			defaultConfigurationIsVisible = 0;
			defaultConfigurationName = Release;
		};
		CCCA2DBB1AA51ABF007FE571 /* Build configuration list for PBXNativeTarget "Care" */ = {
			isa = XCConfigurationList;
			buildConfigurations = (
				CCCA2DBC1AA51ABF007FE571 /* Debug */,
				CCCA2DBD1AA51ABF007FE571 /* Release */,
			);
			defaultConfigurationIsVisible = 0;
			defaultConfigurationName = Release;
		};
		CCCA2DBE1AA51ABF007FE571 /* Build configuration list for PBXNativeTarget "CareTests" */ = {
			isa = XCConfigurationList;
			buildConfigurations = (
				CCCA2DBF1AA51ABF007FE571 /* Debug */,
				CCCA2DC01AA51ABF007FE571 /* Release */,
			);
			defaultConfigurationIsVisible = 0;
			defaultConfigurationName = Release;
		};
/* End XCConfigurationList section */
	};
	rootObject = CCCA2D901AA51ABF007FE571 /* Project object */;
}
